# THIS IS AN AUTOGENERATED FILE. DO NOT EDIT THIS FILE DIRECTLY.
# yarn lockfile v1
# yarn v0.25.3
# node v7.10.0


babel-runtime@^6.23.0:
  version "6.23.0"
  resolved "https://registry.yarnpkg.com/babel-runtime/-/babel-runtime-6.23.0.tgz#0a9489f144de70efb3ce4300accdb329e2fc543b"
  dependencies:
    core-js "^2.4.0"
    regenerator-runtime "^0.10.0"

base64url@2.0.0, base64url@^2.0.0:
  version "2.0.0"
  resolved "https://registry.yarnpkg.com/base64url/-/base64url-2.0.0.tgz#eac16e03ea1438eff9423d69baa36262ed1f70bb"

bezier-easing@^2.0.3:
  version "2.0.3"
  resolved "https://registry.yarnpkg.com/bezier-easing/-/bezier-easing-2.0.3.tgz#cb493fddb7f8920ecca00973344ce0518885f17e"

bootstrap@3:
  version "3.3.7"
  resolved "https://registry.yarnpkg.com/bootstrap/-/bootstrap-3.3.7.tgz#5a389394549f23330875a3b150656574f8a9eb71"

buffer-equal-constant-time@1.0.1:
  version "1.0.1"
  resolved "https://registry.yarnpkg.com/buffer-equal-constant-time/-/buffer-equal-constant-time-1.0.1.tgz#f8e71132f7ffe6e01a5c9697a4c6f3e48d5cc819"

capture-stack-trace@^1.0.0:
  version "1.0.0"
  resolved "https://registry.yarnpkg.com/capture-stack-trace/-/capture-stack-trace-1.0.0.tgz#4a6fa07399c26bba47f0b2496b4d0fb408c5550d"

clone@~2.1.1:
  version "2.1.1"
  resolved "https://registry.yarnpkg.com/clone/-/clone-2.1.1.tgz#d217d1e961118e3ac9a4b8bba3285553bf647cdb"

core-js@^2.4.0:
  version "2.4.1"
  resolved "https://registry.yarnpkg.com/core-js/-/core-js-2.4.1.tgz#4de911e667b0eae9124e34254b53aea6fc618d3e"

create-error-class@^3.0.0:
  version "3.0.2"
  resolved "https://registry.yarnpkg.com/create-error-class/-/create-error-class-3.0.2.tgz#06be7abef947a3f14a30fd610671d401bca8b7b6"
  dependencies:
    capture-stack-trace "^1.0.0"

deep-equal@^1.0.1, deep-equal@~1.0.1:
  version "1.0.1"
  resolved "https://registry.yarnpkg.com/deep-equal/-/deep-equal-1.0.1.tgz#f5d260292b660e084eff4cdbc9f08ad3247448b5"

dom-storage@^2.0.2:
  version "2.0.2"
  resolved "https://registry.yarnpkg.com/dom-storage/-/dom-storage-2.0.2.tgz#ed17cbf68abd10e0aef8182713e297c5e4b500b0"

duplexer3@^0.1.4:
  version "0.1.4"
  resolved "https://registry.yarnpkg.com/duplexer3/-/duplexer3-0.1.4.tgz#ee01dd1cac0ed3cbc7fdbea37dc0a8f1ce002ce2"

ecdsa-sig-formatter@1.0.9:
  version "1.0.9"
  resolved "https://registry.yarnpkg.com/ecdsa-sig-formatter/-/ecdsa-sig-formatter-1.0.9.tgz#4bc926274ec3b5abb5016e7e1d60921ac262b2a1"
  dependencies:
    base64url "^2.0.0"
    safe-buffer "^5.0.1"

eventemitter3@~2.0.3:
  version "2.0.3"
  resolved "https://registry.yarnpkg.com/eventemitter3/-/eventemitter3-2.0.3.tgz#b5e1079b59fb5e1ba2771c0a993be060a58c99ba"

extend@^3.0.0, extend@~3.0.0:
  version "3.0.1"
  resolved "https://registry.yarnpkg.com/extend/-/extend-3.0.1.tgz#a755ea7bc1adfcc5a31ce7e762dbaadc5e636444"

fast-diff@1.1.1:
  version "1.1.1"
  resolved "https://registry.yarnpkg.com/fast-diff/-/fast-diff-1.1.1.tgz#0aea0e4e605b6a2189f0e936d4b7fbaf1b7cfd9b"

faye-websocket@0.9.3:
  version "0.9.3"
  resolved "https://registry.yarnpkg.com/faye-websocket/-/faye-websocket-0.9.3.tgz#482a505b0df0ae626b969866d3bd740cdb962e83"
  dependencies:
    websocket-driver ">=0.5.1"

firebase@^4.1.2:
  version "4.1.2"
  resolved "https://registry.yarnpkg.com/firebase/-/firebase-4.1.2.tgz#b213ab229eb65e31bdbd1d262059b1bb1edfac1f"
  dependencies:
    dom-storage "^2.0.2"
    faye-websocket "0.9.3"
    jsonwebtoken "^7.3.0"
    promise-polyfill "^6.0.2"
    xmlhttprequest "^1.8.0"

font-awesome@^4.7.0:
  version "4.7.0"
  resolved "https://registry.yarnpkg.com/font-awesome/-/font-awesome-4.7.0.tgz#8fa8cf0411a1a31afd07b06d2902bb9fc815a133"

get-stream@^3.0.0:
  version "3.0.0"
  resolved "https://registry.yarnpkg.com/get-stream/-/get-stream-3.0.0.tgz#8e943d1358dc37555054ecbe2edb05aa174ede14"

got@^6.7.1:
  version "6.7.1"
  resolved "https://registry.yarnpkg.com/got/-/got-6.7.1.tgz#240cd05785a9a18e561dc1b44b41c763ef1e8db0"
  dependencies:
    create-error-class "^3.0.0"
    duplexer3 "^0.1.4"
    get-stream "^3.0.0"
    is-redirect "^1.0.0"
    is-retry-allowed "^1.0.0"
    is-stream "^1.0.0"
    lowercase-keys "^1.0.0"
    safe-buffer "^5.0.1"
    timed-out "^4.0.0"
    unzip-response "^2.0.1"
    url-parse-lax "^1.0.0"

hoek@2.x.x:
  version "2.16.3"
  resolved "https://registry.yarnpkg.com/hoek/-/hoek-2.16.3.tgz#20bb7403d3cea398e91dc4710a8ff1b8274a25ed"

is-redirect@^1.0.0:
  version "1.0.0"
  resolved "https://registry.yarnpkg.com/is-redirect/-/is-redirect-1.0.0.tgz#1d03dded53bd8db0f30c26e4f95d36fc7c87dc24"

is-retry-allowed@^1.0.0:
  version "1.1.0"
  resolved "https://registry.yarnpkg.com/is-retry-allowed/-/is-retry-allowed-1.1.0.tgz#11a060568b67339444033d0125a61a20d564fb34"

is-stream@^1.0.0:
  version "1.1.0"
  resolved "https://registry.yarnpkg.com/is-stream/-/is-stream-1.1.0.tgz#12d4a3dd4e68e0b79ceb8dbc84173ae80d91ca44"

isemail@1.x.x:
  version "1.2.0"
  resolved "https://registry.yarnpkg.com/isemail/-/isemail-1.2.0.tgz#be03df8cc3e29de4d2c5df6501263f1fa4595e9a"

joi@^6.10.1:
  version "6.10.1"
  resolved "https://registry.yarnpkg.com/joi/-/joi-6.10.1.tgz#4d50c318079122000fe5f16af1ff8e1917b77e06"
  dependencies:
    hoek "2.x.x"
    isemail "1.x.x"
    moment "2.x.x"
    topo "1.x.x"

jsonwebtoken@^7.3.0:
  version "7.4.1"
  resolved "https://registry.yarnpkg.com/jsonwebtoken/-/jsonwebtoken-7.4.1.tgz#7ca324f5215f8be039cd35a6c45bb8cb74a448fb"
  dependencies:
    joi "^6.10.1"
    jws "^3.1.4"
    lodash.once "^4.0.0"
    ms "^2.0.0"
    xtend "^4.0.1"

jwa@^1.1.4:
  version "1.1.5"
  resolved "https://registry.yarnpkg.com/jwa/-/jwa-1.1.5.tgz#a0552ce0220742cd52e153774a32905c30e756e5"
  dependencies:
    base64url "2.0.0"
    buffer-equal-constant-time "1.0.1"
    ecdsa-sig-formatter "1.0.9"
    safe-buffer "^5.0.1"

jws@^3.1.4:
  version "3.1.4"
  resolved "https://registry.yarnpkg.com/jws/-/jws-3.1.4.tgz#f9e8b9338e8a847277d6444b1464f61880e050a2"
  dependencies:
    base64url "^2.0.0"
    jwa "^1.1.4"
    safe-buffer "^5.0.1"

lodash.once@^4.0.0:
  version "4.1.1"
  resolved "https://registry.yarnpkg.com/lodash.once/-/lodash.once-4.1.1.tgz#0dd3971213c7c56df880977d504c88fb471a97ac"

lodash@^4.17.4:
  version "4.17.4"
  resolved "https://registry.yarnpkg.com/lodash/-/lodash-4.17.4.tgz#78203a4d1c328ae1d86dca6460e369b57f4055ae"

lowercase-keys@^1.0.0:
  version "1.0.0"
  resolved "https://registry.yarnpkg.com/lowercase-keys/-/lowercase-keys-1.0.0.tgz#4e3366b39e7f5457e35f1324bdf6f88d0bfc7306"

moment@2.x.x:
  version "2.18.1"
  resolved "https://registry.yarnpkg.com/moment/-/moment-2.18.1.tgz#c36193dd3ce1c2eed2adb7c802dbbc77a81b1c0f"

ms@^2.0.0:
  version "2.0.0"
  resolved "https://registry.yarnpkg.com/ms/-/ms-2.0.0.tgz#5608aeadfc00be6c2901df5f9861788de0d597c8"

parchment@1.0.9:
  version "1.0.9"
  resolved "https://registry.yarnpkg.com/parchment/-/parchment-1.0.9.tgz#faa9f6ef654ebda3ba0199d6e460f24c73c677f2"

prepend-http@^1.0.1:
  version "1.0.4"
  resolved "https://registry.yarnpkg.com/prepend-http/-/prepend-http-1.0.4.tgz#d4f4562b0ce3696e41ac52d0e002e57a635dc6dc"

promise-polyfill@^6.0.2:
  version "6.0.2"
  resolved "https://registry.yarnpkg.com/promise-polyfill/-/promise-polyfill-6.0.2.tgz#d9c86d3dc4dc2df9016e88946defd69b49b41162"

quill-delta@3.5.0:
  version "3.5.0"
  resolved "https://registry.yarnpkg.com/quill-delta/-/quill-delta-3.5.0.tgz#5b67e685da60c34eabed4449c416c74aab89157b"
  dependencies:
    deep-equal "^1.0.1"
    extend "^3.0.0"
    fast-diff "1.1.1"

quill-image-drop-module@^1.0.3:
  version "1.0.3"
  resolved "https://registry.yarnpkg.com/quill-image-drop-module/-/quill-image-drop-module-1.0.3.tgz#0e5ec8329dd67a12126f166b191bf64d2057a7d3"
  dependencies:
    quill "^1.2.2"

quill-image-resize-module@^3.0.0:
  version "3.0.0"
  resolved "https://registry.yarnpkg.com/quill-image-resize-module/-/quill-image-resize-module-3.0.0.tgz#0fd93746a837336d95b2f536140416a623c71771"
  dependencies:
    lodash "^4.17.4"
    quill "^1.2.2"
    raw-loader "^0.5.1"

quill@^1.1.7, quill@^1.2.2, quill@^1.2.3:
  version "1.2.4"
  resolved "https://registry.yarnpkg.com/quill/-/quill-1.2.4.tgz#2a822fb10f4346e63845b37637ee3d6bf0d20b65"
  dependencies:
    clone "~2.1.1"
    deep-equal "~1.0.1"
    eventemitter3 "~2.0.3"
    extend "~3.0.0"
    parchment "1.0.9"
    quill-delta "3.5.0"

raw-loader@^0.5.1:
  version "0.5.1"
  resolved "https://registry.yarnpkg.com/raw-loader/-/raw-loader-0.5.1.tgz#0c3d0beaed8a01c966d9787bf778281252a979aa"

regenerator-runtime@^0.10.0:
  version "0.10.5"
  resolved "https://registry.yarnpkg.com/regenerator-runtime/-/regenerator-runtime-0.10.5.tgz#336c3efc1220adcedda2c9fab67b5a7955a33658"

safe-buffer@^5.0.1:
  version "5.0.1"
  resolved "https://registry.yarnpkg.com/safe-buffer/-/safe-buffer-5.0.1.tgz#d263ca54696cd8a306b5ca6551e92de57918fbe7"

sweetalert2@^6.4.2, sweetalert2@^6.6.4:
  version "6.6.4"
  resolved "https://registry.yarnpkg.com/sweetalert2/-/sweetalert2-6.6.4.tgz#7799100c4dba878de2a9581b3f42d29f3dd1d9e0"

timed-out@^4.0.0:
  version "4.0.1"
  resolved "https://registry.yarnpkg.com/timed-out/-/timed-out-4.0.1.tgz#f32eacac5a175bea25d7fab565ab3ed8741ef56f"

topo@1.x.x:
  version "1.1.0"
  resolved "https://registry.yarnpkg.com/topo/-/topo-1.1.0.tgz#e9d751615d1bb87dc865db182fa1ca0a5ef536d5"
  dependencies:
    hoek "2.x.x"

unzip-response@^2.0.1:
  version "2.0.1"
  resolved "https://registry.yarnpkg.com/unzip-response/-/unzip-response-2.0.1.tgz#d2f0f737d16b0615e72a6935ed04214572d56f97"

url-parse-lax@^1.0.0:
  version "1.0.0"
  resolved "https://registry.yarnpkg.com/url-parse-lax/-/url-parse-lax-1.0.0.tgz#7af8f303645e9bd79a272e7a14ac68bc0609da73"
  dependencies:
    prepend-http "^1.0.1"

vue-electron@^1.0.6:
  version "1.0.6"
  resolved "https://registry.yarnpkg.com/vue-electron/-/vue-electron-1.0.6.tgz#e798e03180b8933539defe31f92e53b9242b9406"

vue-quill-editor@^2.2.1:
  version "2.2.1"
  resolved "https://registry.yarnpkg.com/vue-quill-editor/-/vue-quill-editor-2.2.1.tgz#23aeefde8acb9d84b6d2575631f03b4c6c5b89f3"
  dependencies:
    quill "^1.1.7"

vue-resource@latest:
  version "1.3.3"
  resolved "https://registry.yarnpkg.com/vue-resource/-/vue-resource-1.3.3.tgz#6f12cfc77cccd47fb7e07aff6c42d75e34005992"
  dependencies:
    got "^6.7.1"

vue-router@latest:
  version "2.5.3"
  resolved "https://registry.yarnpkg.com/vue-router/-/vue-router-2.5.3.tgz#073783f564b6aece6c8a59c63e298dc2aabfb51b"

vue-scrollto@^2.6.8:
  version "2.6.8"
  resolved "https://registry.yarnpkg.com/vue-scrollto/-/vue-scrollto-2.6.8.tgz#222a45142114a60d238cced10d38ecfb837eba70"
  dependencies:
    bezier-easing "^2.0.3"

vue-select@^2.2.0:
  version "2.2.0"
  resolved "https://registry.yarnpkg.com/vue-select/-/vue-select-2.2.0.tgz#7769dbde2c3d62aa6e819e9a96a57e464fb3a180"

vue-sweetalert@^0.1.17:
  version "0.1.17"
  resolved "https://registry.yarnpkg.com/vue-sweetalert/-/vue-sweetalert-0.1.17.tgz#99e60ee08d7277660b444358eabf185001b7521e"
  dependencies:
    babel-runtime "^6.23.0"
    sweetalert2 "^6.4.2"
    vue "^2.2.1"

vue2-editor@^2.0.24:
  version "2.0.24"
  resolved "https://registry.yarnpkg.com/vue2-editor/-/vue2-editor-2.0.24.tgz#5876cfbc1c218c7d21d3f02e28de2b611e07c893"
  dependencies:
    quill "^1.2.3"

vue@^2.2.1, vue@latest:
  version "2.3.3"
  resolved "https://registry.yarnpkg.com/vue/-/vue-2.3.3.tgz#d1eaa8fde5240735a4563e74f2c7fead9cbb064c"

vuefire@^1.4.3:
  version "1.4.3"
  resolved "https://registry.yarnpkg.com/vuefire/-/vuefire-1.4.3.tgz#6ad02e10d191efefbc1ca78da1611772289ff74c"

vuex@latest:
  version "2.3.1"
  resolved "https://registry.yarnpkg.com/vuex/-/vuex-2.3.1.tgz#cde8e997c1f9957719bc7dea154f9aa691d981a6"

websocket-driver@>=0.5.1:
  version "0.6.5"
  resolved "https://registry.yarnpkg.com/websocket-driver/-/websocket-driver-0.6.5.tgz#5cb2556ceb85f4373c6d8238aa691c8454e13a36"
  dependencies:
    websocket-extensions ">=0.1.1"

websocket-extensions@>=0.1.1:
  version "0.1.1"
  resolved "https://registry.yarnpkg.com/websocket-extensions/-/websocket-extensions-0.1.1.tgz#76899499c184b6ef754377c2dbb0cd6cb55d29e7"

xmlhttprequest@^1.8.0:
  version "1.8.0"
  resolved "https://registry.yarnpkg.com/xmlhttprequest/-/xmlhttprequest-1.8.0.tgz#67fe075c5c24fef39f9d65f5f7b7fe75171968fc"

xtend@^4.0.1:
  version "4.0.1"
  resolved "https://registry.yarnpkg.com/xtend/-/xtend-4.0.1.tgz#a5c6d532be656e23db820efb943a1f04998d63af"
